internal/planmodifiers/mapplanmodifier/use_config_value.go
internal/planmodifiers/stringplanmodifier/use_config_value.go
internal/planmodifiers/int64planmodifier/use_config_value.go
internal/planmodifiers/setplanmodifier/use_config_value.go
internal/planmodifiers/objectplanmodifier/use_config_value.go
internal/planmodifiers/float64planmodifier/use_config_value.go
examples/provider/provider.tf
internal/planmodifiers/float32planmodifier/use_config_value.go
go.mod
.gitattributes
internal/planmodifiers/int32planmodifier/use_config_value.go
internal/planmodifiers/boolplanmodifier/suppress_diff.go
internal/planmodifiers/boolplanmodifier/use_hoisted_value.go
internal/planmodifiers/boolplanmodifier/use_config_value.go
internal/planmodifiers/float32planmodifier/suppress_diff.go
internal/planmodifiers/float32planmodifier/use_hoisted_value.go
internal/planmodifiers/float64planmodifier/suppress_diff.go
internal/planmodifiers/float64planmodifier/use_hoisted_value.go
internal/planmodifiers/int32planmodifier/suppress_diff.go
internal/planmodifiers/int32planmodifier/use_hoisted_value.go
internal/planmodifiers/int64planmodifier/suppress_diff.go
internal/planmodifiers/int64planmodifier/use_hoisted_value.go
internal/planmodifiers/listplanmodifier/suppress_diff.go
internal/planmodifiers/listplanmodifier/use_hoisted_value.go
internal/planmodifiers/mapplanmodifier/suppress_diff.go
internal/planmodifiers/mapplanmodifier/use_hoisted_value.go
internal/planmodifiers/numberplanmodifier/suppress_diff.go
internal/planmodifiers/numberplanmodifier/use_hoisted_value.go
internal/planmodifiers/objectplanmodifier/suppress_diff.go
internal/planmodifiers/objectplanmodifier/use_hoisted_value.go
internal/planmodifiers/setplanmodifier/suppress_diff.go
internal/planmodifiers/setplanmodifier/use_hoisted_value.go
internal/planmodifiers/stringplanmodifier/suppress_diff.go
internal/planmodifiers/stringplanmodifier/use_hoisted_value.go
internal/planmodifiers/utils/hoisted_value.go
internal/planmodifiers/numberplanmodifier/use_config_value.go
internal/planmodifiers/utils/state_check.go
internal/provider/reflect/diags.go
internal/provider/reflect/doc.go
internal/provider/reflect/generic_attr_value.go
internal/provider/reflect/helpers.go
internal/provider/provider.go
internal/provider/reflect/interfaces.go
USAGE.md
internal/provider/reflect/into.go
internal/provider/reflect/map.go
internal/provider/reflect/number.go
internal/provider/reflect/options.go
internal/planmodifiers/listplanmodifier/use_config_value.go
internal/provider/reflect/outof.go
internal/provider/reflect/pointer.go
internal/provider/reflect/primitive.go
internal/provider/reflect/slice.go
internal/provider/reflect/struct.go
internal/provider/typeconvert/date.go
internal/provider/typeconvert/datetime.go
internal/provider/typeconvert/int.go
internal/provider/utils.go
internal/validators/DateValidator.go
internal/validators/ExactlyOneChild.go
internal/validators/JSONParseValidator.go
internal/validators/RFC3339Validator.go
internal/validators/boolvalidators/not_null.go
internal/validators/float32validators/not_null.go
internal/validators/float64validators/not_null.go
internal/validators/int32validators/not_null.go
internal/validators/int64validators/not_null.go
internal/validators/listvalidators/not_null.go
internal/validators/mapvalidators/not_null.go
internal/validators/numbervalidators/not_null.go
internal/validators/objectvalidators/not_null.go
internal/validators/setvalidators/not_null.go
internal/validators/stringvalidators/not_null.go
main.go
terraform-registry-manifest.json
tools/tools.go
internal/sdk/internal/config/sdkconfiguration.go
internal/sdk/models/shared/billingprofilepagepaginatedresponse.go
internal/sdk/models/shared/subscriptionaddonpagepaginatedresponse.go
internal/sdk/models/shared/listmetersparamsfilter.go
internal/sdk/models/shared/invalidrules.go
internal/sdk/models/shared/meteringevent.go
internal/sdk/openmetersubscriptions.go
internal/sdk/models/operations/createplanaddon.go
internal/sdk/models/operations/listbillingprofiles.go
internal/sdk/models/operations/listcustomerentitlementaccess.go
internal/sdk/.gitattributes
internal/sdk/models/shared/billingworkflowpaymentchargeautomaticallysettings.go
internal/sdk/models/operations/publishplan.go
internal/sdk/models/operations/deletebillingprofile.go
internal/sdk/models/shared/billingcustomerstripecreatecustomerportalsessionrequest.go
internal/sdk/models/shared/billingsubscriptionchangeresponse.go
internal/sdk/models/shared/planaddon.go
internal/sdk/models/shared/upsertaddonrequest.go
internal/sdk/models/operations/getplan.go
internal/sdk/models/shared/listfeatureparamsfilter.go
internal/sdk/models/shared/updatemeterrequest.go
internal/sdk/models/shared/notfounderror.go
internal/sdk/models/shared/invalidparameterminimumlength.go
internal/sdk/models/shared/badrequesterror.go
internal/sdk/models/shared/billingappstripecreatecustomerportalsessionresult.go
internal/sdk/models/operations/deletellmcostoverride.go
internal/sdk/models/shared/billingappstripe.go
internal/sdk/models/operations/getcustomerbilling.go
internal/sdk/models/operations/updateplanaddon.go
internal/sdk/models/shared/billingappsandbox.go
internal/sdk/models/shared/billingappexternalinvoicing.go
internal/sdk/models/operations/deletemeter.go
internal/sdk/models/shared/listcustomerentitlementaccessresponsedata.go
internal/sdk/models/shared/queryfilterstring.go
internal/sdk/models/shared/billingpricegraduated.go
internal/sdk/models/operations/updatecustomerbillingappdata.go
internal/sdk/models/shared/upsertplanaddonrequest.go
internal/sdk/models/operations/listsubscriptionaddons.go
internal/sdk/konnect.go
internal/sdk/models/shared/meterqueryrow.go
internal/sdk/models/shared/billingworkflowpaymentsendinvoicesettings.go
internal/sdk/models/operations/createopenmeteraddon.go
internal/sdk/models/operations/listcustomers.go
internal/sdk/models/operations/archiveplan.go
internal/sdk/models/shared/billingratecard.go
internal/sdk/models/operations/deleteplanaddon.go
internal/sdk/models/shared/cursormetapage.go
internal/sdk/models/shared/billingapp.go
internal/sdk/models/shared/subscriptionpagepaginatedresponse.go
internal/sdk/models/operations/createbillingprofile.go
internal/sdk/models/shared/meterqueryresult.go
internal/sdk/models/shared/billingsubscription.go
internal/sdk/models/shared/listllmcostpricesparamsfilter.go
internal/sdk/models/operations/options.go
internal/sdk/models/operations/createfeature.go
internal/sdk/models/operations/updatebillingprofile.go
internal/sdk/models/shared/invalidparameterdependentitem.go
internal/sdk/models/shared/feature.go
internal/sdk/models/shared/billingfeaturellmunitcost.go
internal/sdk/models/shared/listcustomersparamsfilter.go
internal/sdk/models/operations/createcustomer.go
internal/sdk/models/shared/billingentitlementaccessresult.go
internal/sdk/openmeterentitlements.go
internal/sdk/models/shared/createaddonrequest.go
internal/sdk/models/shared/billingpricefree.go
internal/sdk/models/shared/conflicterror.go
internal/sdk/models/shared/meteringingestedeventvalidationerror.go
internal/sdk/models/shared/pagepaginationquery.go
internal/sdk/models/shared/upsertappcustomerdatarequest.go
internal/sdk/models/operations/cancelsubscription.go
internal/sdk/models/shared/featurecostqueryresult.go
internal/sdk/openmeterfeatures.go
internal/sdk/models/shared/billingpriceunit.go
internal/sdk/models/operations/listsubscriptions.go
internal/sdk/models/shared/subscriptionaddon.go
internal/sdk/models/shared/billingpricetier.go
internal/sdk/models/shared/upsertcustomerrequest.go
internal/sdk/models/shared/ulidfieldfilter.go
internal/sdk/models/shared/invalidparameterchoiceitem.go
internal/sdk/models/shared/listplansparamsfilter.go
internal/sdk/models/operations/unschedulecancelation.go
internal/sdk/models/shared/paginatedmeta.go
internal/sdk/meteringevents.go
internal/sdk/models/shared/billingappstripecreatecheckoutsessionresult.go
internal/sdk/models/shared/customerpagepaginatedresponse.go
internal/sdk/models/shared/ingestedeventpaginatedresponse.go
internal/sdk/models/operations/createllmcostoverride.go
internal/sdk/internal/hooks/hooks.go
internal/sdk/models/operations/listfeatures.go
internal/sdk/models/shared/featurecostqueryrow.go
internal/sdk/models/operations/listapps.go
internal/sdk/models/shared/listsubscriptionsparamsfilter.go
internal/sdk/models/shared/billingprofile.go
internal/sdk/openmeterllmcost.go
internal/sdk/models/shared/meterqueryrequest.go
internal/sdk/models/operations/createcustomerstripeportalsession.go
internal/sdk/meters.go
internal/sdk/models/shared/invalidparametermaximumlength.go
internal/sdk/models/shared/billingplanphase.go
internal/sdk/models/operations/getllmcostprice.go
internal/sdk/models/operations/queryfeaturecost.go
internal/sdk/models/shared/stringfieldfilter.go
internal/sdk/models/shared/goneerror.go
internal/sdk/models/shared/featurepagepaginatedresponse.go
internal/sdk/models/operations/getfeature.go
internal/sdk/models/shared/pricepagepaginatedresponse.go
internal/sdk/models/shared/createbillingprofilerequest.go
internal/sdk/models/shared/addon.go
internal/sdk/models/operations/createcustomerstripecheckoutsession.go
internal/sdk/openmeterbilling.go
internal/sdk/models/shared/billingplan.go
internal/sdk/models/operations/updatefeature.go
internal/sdk/models/operations/updateopenmeteraddon.go
internal/sdk/models/operations/getbillingprofile.go
internal/sdk/models/operations/getmeter.go
internal/sdk/models/shared/billingcustomer.go
internal/sdk/models/shared/upsertbillingprofilerequest.go
internal/sdk/models/shared/meterpagepaginatedresponse.go
internal/sdk/models/operations/createmeter.go
internal/sdk/models/operations/deletefeature.go
internal/sdk/models/shared/billingpricevolume.go
internal/sdk/models/shared/security.go
internal/sdk/models/operations/archiveopenmeteraddon.go
internal/sdk/models/operations/listmeteringevents.go
internal/sdk/models/operations/listllmcostoverrides.go
internal/sdk/models/operations/getsubscription.go
internal/sdk/models/operations/listmeters.go
internal/sdk/models/shared/planaddonpagepaginatedresponse.go
internal/sdk/models/shared/listaddonsparamsfilter.go
internal/sdk/models/shared/billingcustomerdata.go
internal/sdk/models/shared/updatefeaturerequest.go
internal/sdk/models/shared/pagemeta.go
internal/sdk/models/shared/billingsubscriptioncreate.go
internal/sdk/models/shared/meter.go
internal/sdk/models/shared/billingpriceflat.go
internal/sdk/models/shared/queryfilterstringmapitem.go
internal/sdk/models/operations/getplanaddon.go
internal/sdk/models/shared/planpagepaginatedresponse.go
internal/sdk/models/operations/publishaddon.go
internal/sdk/openmeterproductcatalog.go
internal/sdk/models/shared/forbiddenerror.go
internal/sdk/models/errors/sdkerror.go
internal/sdk/models/shared/upsertplanrequest.go
internal/sdk/optionalnullable/optionalnullable.go
internal/sdk/optionalnullable/optionalnullable_test.go
internal/sdk/openmetercustomers.go
internal/sdk/retry/config.go
internal/sdk/types/bigint.go
internal/sdk/types/date.go
internal/sdk/types/datetime.go
internal/sdk/types/pointers.go
internal/sdk/internal/utils/contenttype.go
internal/sdk/models/shared/invalidparameters.go
internal/sdk/internal/utils/env.go
internal/sdk/models/operations/listopenmeteraddons.go
internal/sdk/models/shared/createmeterrequest.go
internal/sdk/internal/utils/form.go
internal/sdk/internal/utils/headers.go
internal/sdk/models/operations/upsertcustomer.go
internal/sdk/models/operations/listllmcostprices.go
internal/sdk/models/operations/createsubscription.go
internal/sdk/internal/utils/json.go
internal/sdk/internal/utils/pathparams.go
internal/sdk/internal/utils/queryparams.go
internal/sdk/models/operations/updatecustomerbilling.go
internal/sdk/internal/utils/requestbody.go
internal/sdk/internal/utils/retries.go
internal/sdk/models/shared/listeventsparamsfilter.go
internal/sdk/internal/utils/security.go
internal/sdk/internal/utils/union.go
internal/sdk/models/shared/billingfeaturemanualunitcost.go
internal/sdk/internal/utils/union_test.go
internal/sdk/models/shared/invalidparameterstandard.go
internal/sdk/internal/utils/utils.go
internal/sdk/models/operations/changesubscription.go
internal/sdk/models/operations/getopenmeteraddon.go
internal/sdk/models/shared/billingsubscriptionedittimingenum.go
internal/sdk/models/operations/listplanaddons.go
internal/sdk/models/operations/ingestmeteringevents.go
internal/sdk/models/shared/upsertcustomerbillingdatarequest.go
internal/sdk/models/operations/querymeter.go
internal/sdk/models/shared/billingappcustomerdata.go
internal/sdk/models/shared/apppagepaginatedresponse.go
internal/sdk/models/shared/stringfieldfilterexact.go
internal/sdk/models/shared/createcustomerrequest.go
internal/sdk/models/shared/billingsubscriptionchange.go
internal/sdk/models/shared/meteringingestedevent.go
internal/sdk/models/shared/llmcostprice.go
internal/sdk/models/operations/updatemeter.go
internal/sdk/models/shared/billingsubscriptioncancel.go
internal/sdk/models/shared/taxcodereferenceitem.go
internal/sdk/models/shared/createfeaturerequest.go
internal/sdk/models/operations/getapp.go
internal/sdk/models/operations/deletecustomer.go
internal/sdk/models/operations/deleteopenmeteraddon.go
internal/sdk/models/shared/createplanrequest.go
internal/sdk/models/shared/addonpagepaginatedresponse.go
internal/sdk/models/shared/cursorpaginationquerypage.go
internal/sdk/models/operations/createplan.go
internal/sdk/models/operations/listplans.go
internal/sdk/models/operations/deleteplan.go
internal/sdk/models/operations/updateplan.go
internal/sdk/models/operations/getcustomer.go
internal/sdk/models/shared/cursormeta.go
internal/sdk/models/operations/getsubscriptionaddon.go
internal/sdk/models/shared/createplanaddonrequest.go
internal/sdk/models/shared/unauthorizederror.go
internal/sdk/openmeterapps.go
internal/sdk/models/shared/llmcostoverridecreate.go
internal/sdk/models/shared/productcatalogvalidationerror.go
internal/sdk/models/shared/billingcustomerstripecreatecheckoutsessionrequest.go
internal/sdk/models/shared/billingtaxbehavior.go
internal/planmodifiers/numberplanmodifier/use_config_value.go
internal/planmodifiers/objectplanmodifier/use_config_value.go
.gitattributes
internal/planmodifiers/boolplanmodifier/use_config_value.go
internal/planmodifiers/listplanmodifier/use_config_value.go
internal/planmodifiers/int64planmodifier/use_config_value.go
internal/planmodifiers/stringplanmodifier/use_config_value.go
go.mod
internal/planmodifiers/boolplanmodifier/suppress_diff.go
internal/planmodifiers/boolplanmodifier/use_hoisted_value.go
internal/planmodifiers/float32planmodifier/suppress_diff.go
internal/planmodifiers/float32planmodifier/use_hoisted_value.go
examples/provider/provider.tf
internal/planmodifiers/float64planmodifier/suppress_diff.go
internal/planmodifiers/float32planmodifier/use_config_value.go
internal/planmodifiers/float64planmodifier/use_hoisted_value.go
internal/planmodifiers/int32planmodifier/suppress_diff.go
internal/planmodifiers/int32planmodifier/use_hoisted_value.go
internal/planmodifiers/int64planmodifier/suppress_diff.go
internal/planmodifiers/int64planmodifier/use_hoisted_value.go
internal/planmodifiers/listplanmodifier/suppress_diff.go
internal/planmodifiers/listplanmodifier/use_hoisted_value.go
internal/planmodifiers/mapplanmodifier/suppress_diff.go
internal/planmodifiers/mapplanmodifier/use_hoisted_value.go
internal/planmodifiers/numberplanmodifier/suppress_diff.go
internal/planmodifiers/numberplanmodifier/use_hoisted_value.go
internal/planmodifiers/objectplanmodifier/suppress_diff.go
internal/planmodifiers/objectplanmodifier/use_hoisted_value.go
internal/planmodifiers/setplanmodifier/suppress_diff.go
internal/planmodifiers/setplanmodifier/use_hoisted_value.go
internal/planmodifiers/stringplanmodifier/suppress_diff.go
internal/planmodifiers/int32planmodifier/use_config_value.go
internal/planmodifiers/stringplanmodifier/use_hoisted_value.go
internal/planmodifiers/utils/hoisted_value.go
internal/planmodifiers/utils/state_check.go
internal/provider/reflect/diags.go
internal/provider/reflect/doc.go
internal/provider/reflect/generic_attr_value.go
internal/provider/reflect/helpers.go
internal/provider/reflect/interfaces.go
USAGE.md
internal/provider/reflect/into.go
internal/provider/reflect/map.go
internal/provider/reflect/number.go
internal/provider/reflect/options.go
internal/provider/provider.go
internal/provider/reflect/outof.go
internal/provider/reflect/pointer.go
internal/provider/reflect/primitive.go
internal/planmodifiers/float64planmodifier/use_config_value.go
internal/provider/reflect/slice.go
internal/planmodifiers/mapplanmodifier/use_config_value.go
internal/provider/reflect/struct.go
internal/provider/typeconvert/date.go
internal/provider/typeconvert/datetime.go
internal/provider/typeconvert/int.go
internal/provider/utils.go
internal/validators/DateValidator.go
internal/validators/ExactlyOneChild.go
internal/validators/JSONParseValidator.go
internal/validators/RFC3339Validator.go
internal/validators/boolvalidators/not_null.go
internal/validators/float32validators/not_null.go
internal/validators/float64validators/not_null.go
internal/validators/int32validators/not_null.go
internal/validators/int64validators/not_null.go
internal/validators/listvalidators/not_null.go
internal/validators/mapvalidators/not_null.go
internal/validators/numbervalidators/not_null.go
internal/validators/objectvalidators/not_null.go
internal/validators/setvalidators/not_null.go
internal/validators/stringvalidators/not_null.go
main.go
terraform-registry-manifest.json
tools/tools.go
internal/planmodifiers/setplanmodifier/use_config_value.go
internal/sdk/models/operations/deletemeter.go
internal/sdk/models/shared/cursormetapage.go
internal/sdk/models/shared/listmetersparamsfilter.go
internal/sdk/models/shared/pricepagepaginatedresponse.go
internal/sdk/openmeterentitlements.go
internal/sdk/models/shared/billingfeaturemanualunitcost.go
internal/sdk/models/operations/createmeter.go
internal/sdk/models/shared/upsertcustomerbillingdatarequest.go
internal/sdk/models/errors/sdkerror.go
internal/sdk/optionalnullable/optionalnullable.go
internal/sdk/optionalnullable/optionalnullable_test.go
internal/sdk/retry/config.go
internal/sdk/types/bigint.go
internal/sdk/types/date.go
internal/sdk/types/datetime.go
internal/sdk/types/pointers.go
internal/sdk/internal/utils/contenttype.go
internal/sdk/internal/utils/env.go
internal/sdk/internal/utils/form.go
internal/sdk/internal/utils/headers.go
internal/sdk/models/shared/productcatalogvalidationerror.go
internal/sdk/models/shared/upsertaddonrequest.go
internal/sdk/internal/utils/json.go
internal/sdk/internal/utils/pathparams.go
internal/sdk/models/shared/meterqueryresult.go
internal/sdk/internal/utils/queryparams.go
internal/sdk/models/operations/updatecustomerbilling.go
internal/sdk/models/shared/customerpagepaginatedresponse.go
internal/sdk/internal/utils/requestbody.go
internal/sdk/internal/utils/retries.go
internal/sdk/internal/utils/security.go
internal/sdk/models/operations/querymeter.go
internal/sdk/internal/utils/union.go
internal/sdk/internal/utils/union_test.go
internal/sdk/meteringevents.go
internal/sdk/internal/utils/utils.go
internal/sdk/models/operations/getapp.go
internal/sdk/models/shared/apppagepaginatedresponse.go
internal/sdk/models/operations/getmeter.go
internal/sdk/models/operations/deleteopenmeteraddon.go
internal/sdk/models/operations/createcustomerstripeportalsession.go
internal/sdk/models/operations/getsubscriptionaddon.go
internal/sdk/models/shared/billingappstripe.go
internal/sdk/models/operations/deletefeature.go
internal/sdk/models/operations/deletebillingprofile.go
internal/sdk/models/shared/invalidrules.go
internal/sdk/openmetersubscriptions.go
internal/sdk/models/shared/feature.go
internal/sdk/models/operations/updatemeter.go
internal/sdk/.gitattributes
internal/sdk/models/shared/featurecostqueryrow.go
internal/sdk/models/operations/getopenmeteraddon.go
internal/sdk/models/shared/upsertplanaddonrequest.go
internal/sdk/models/operations/upsertcustomer.go
internal/sdk/openmeterproductcatalog.go
internal/sdk/models/shared/billingpricevolume.go
internal/sdk/models/shared/stringfieldfilter.go
internal/sdk/models/shared/unauthorizederror.go
internal/sdk/models/shared/queryfilterstringmapitem.go
internal/sdk/models/operations/listfeatures.go
internal/sdk/models/shared/listaddonsparamsfilter.go
internal/sdk/models/operations/getfeature.go
internal/sdk/models/shared/upsertbillingprofilerequest.go
internal/sdk/models/shared/billingappcustomerdata.go
internal/sdk/models/shared/billingratecard.go
internal/sdk/models/operations/listllmcostoverrides.go
internal/sdk/models/operations/getsubscription.go
internal/sdk/models/shared/billingprofilepagepaginatedresponse.go
internal/sdk/models/shared/ulidfieldfilter.go
internal/sdk/models/shared/planaddonpagepaginatedresponse.go
internal/sdk/models/shared/billingcustomer.go
internal/sdk/models/operations/createllmcostoverride.go
internal/sdk/models/operations/createplan.go
internal/sdk/openmeterfeatures.go
internal/sdk/models/shared/updatefeaturerequest.go
internal/sdk/models/shared/addonpagepaginatedresponse.go
internal/sdk/models/shared/upsertcustomerrequest.go
internal/sdk/models/shared/listfeatureparamsfilter.go
internal/sdk/models/shared/subscriptionaddon.go
internal/sdk/models/operations/listcustomers.go
internal/sdk/models/shared/billingappsandbox.go
internal/sdk/models/shared/billingpriceflat.go
internal/sdk/models/shared/billingapp.go
internal/sdk/models/operations/listcustomerentitlementaccess.go
internal/sdk/models/shared/billingsubscriptioncreate.go
internal/sdk/models/shared/billingplanphase.go
internal/sdk/models/operations/deleteplan.go
internal/sdk/meters.go
internal/sdk/models/operations/deleteplanaddon.go
internal/sdk/models/shared/pagepaginationquery.go
internal/sdk/openmeterllmcost.go
internal/sdk/models/operations/listsubscriptions.go
internal/sdk/models/shared/updatemeterrequest.go
internal/sdk/models/operations/changesubscription.go
internal/sdk/models/operations/queryfeaturecost.go
internal/sdk/models/shared/queryfilterstring.go
internal/sdk/models/operations/getcustomer.go
internal/sdk/models/shared/listcustomerentitlementaccessresponsedata.go
internal/sdk/models/operations/listsubscriptionaddons.go
internal/sdk/models/operations/updatefeature.go
internal/sdk/models/operations/cancelsubscription.go
internal/sdk/models/shared/paginatedmeta.go
internal/sdk/models/shared/meteringingestedeventvalidationerror.go
internal/sdk/models/shared/billingplan.go
internal/sdk/models/shared/addon.go
internal/sdk/models/operations/createcustomerstripecheckoutsession.go
internal/sdk/models/operations/getplanaddon.go
internal/sdk/models/shared/upsertappcustomerdatarequest.go
internal/sdk/models/shared/billingpriceunit.go
internal/sdk/models/operations/listapps.go
internal/sdk/models/shared/meterqueryrequest.go
internal/sdk/models/shared/invalidparameterchoiceitem.go
internal/sdk/models/shared/listcustomersparamsfilter.go
internal/sdk/models/operations/deletecustomer.go
internal/sdk/models/operations/listplans.go
internal/sdk/models/shared/stringfieldfilterexact.go
internal/sdk/models/shared/billingpricefree.go
internal/sdk/models/shared/billingappstripecreatecheckoutsessionresult.go
internal/sdk/models/shared/listeventsparamsfilter.go
internal/sdk/models/shared/meteringingestedevent.go
internal/sdk/models/operations/listopenmeteraddons.go
internal/sdk/models/shared/billingpricetier.go
internal/sdk/models/shared/subscriptionaddonpagepaginatedresponse.go
internal/sdk/models/operations/createcustomer.go
internal/sdk/models/shared/subscriptionpagepaginatedresponse.go
internal/sdk/models/shared/goneerror.go
internal/sdk/models/operations/publishaddon.go
internal/sdk/models/operations/archiveopenmeteraddon.go
internal/sdk/models/shared/createplanrequest.go
internal/sdk/internal/config/sdkconfiguration.go
internal/sdk/models/shared/cursorpaginationquerypage.go
internal/sdk/models/operations/deletellmcostoverride.go
internal/sdk/models/shared/createplanaddonrequest.go
internal/sdk/models/operations/createsubscription.go
internal/sdk/models/shared/billingsubscriptionchangeresponse.go
internal/sdk/models/operations/listmeters.go
internal/sdk/models/operations/listllmcostprices.go
internal/sdk/models/shared/billingfeaturellmunitcost.go
internal/sdk/openmeterapps.go
internal/sdk/models/shared/createfeaturerequest.go
internal/sdk/models/shared/billingworkflowpaymentchargeautomaticallysettings.go
internal/sdk/models/operations/createopenmeteraddon.go
internal/sdk/models/operations/getllmcostprice.go
internal/sdk/models/operations/unschedulecancelation.go
internal/sdk/internal/hooks/hooks.go
internal/sdk/models/shared/billingprofile.go
internal/sdk/models/shared/cursormeta.go
internal/sdk/models/operations/updateplan.go
internal/sdk/models/operations/options.go
internal/sdk/models/shared/createaddonrequest.go
internal/sdk/models/shared/billingsubscriptionchange.go
internal/sdk/models/shared/billingentitlementaccessresult.go
internal/sdk/models/operations/ingestmeteringevents.go
internal/sdk/models/shared/security.go
internal/sdk/models/shared/meteringevent.go
internal/sdk/models/operations/createbillingprofile.go
internal/sdk/models/shared/listplansparamsfilter.go
internal/sdk/models/operations/publishplan.go
internal/sdk/models/shared/billingcustomerdata.go
internal/sdk/models/shared/billingtaxbehavior.go
internal/sdk/models/shared/billingappexternalinvoicing.go
internal/sdk/models/operations/updatecustomerbillingappdata.go
internal/sdk/models/shared/meter.go
internal/sdk/models/shared/upsertplanrequest.go
internal/sdk/models/shared/notfounderror.go
internal/sdk/models/shared/invalidparameters.go
internal/sdk/models/shared/billingappstripecreatecustomerportalsessionresult.go
internal/sdk/models/shared/taxcodereferenceitem.go
internal/sdk/models/shared/createbillingprofilerequest.go
internal/sdk/models/shared/planpagepaginatedresponse.go
internal/sdk/openmeterbilling.go
internal/sdk/models/shared/conflicterror.go
internal/sdk/models/shared/invalidparameterminimumlength.go
internal/sdk/openmetercustomers.go
internal/sdk/models/shared/listsubscriptionsparamsfilter.go
internal/sdk/models/shared/createmeterrequest.go
internal/sdk/models/operations/createfeature.go
internal/sdk/models/operations/getplan.go
internal/sdk/models/shared/ingestedeventpaginatedresponse.go
internal/sdk/models/operations/listplanaddons.go
internal/sdk/models/shared/planaddon.go
internal/sdk/models/operations/updatebillingprofile.go
internal/sdk/models/shared/invalidparameterdependentitem.go
internal/sdk/models/shared/billingsubscriptionedittimingenum.go
internal/sdk/models/shared/invalidparametermaximumlength.go
internal/sdk/models/operations/updateplanaddon.go
internal/sdk/models/shared/billingcustomerstripecreatecheckoutsessionrequest.go
internal/sdk/models/operations/listmeteringevents.go
internal/sdk/models/shared/forbiddenerror.go
internal/sdk/models/shared/pagemeta.go
internal/sdk/models/shared/badrequesterror.go
internal/sdk/models/shared/billingsubscription.go
internal/sdk/models/shared/meterpagepaginatedresponse.go
internal/sdk/models/shared/llmcostoverridecreate.go
internal/sdk/models/operations/getcustomerbilling.go
internal/sdk/models/shared/billingworkflowpaymentsendinvoicesettings.go
internal/sdk/models/operations/updateopenmeteraddon.go
internal/sdk/konnect.go
internal/sdk/models/operations/createplanaddon.go
internal/sdk/models/shared/featurepagepaginatedresponse.go
internal/sdk/models/shared/llmcostprice.go
internal/sdk/models/shared/invalidparameterstandard.go
internal/sdk/models/shared/meterqueryrow.go
internal/sdk/models/shared/listllmcostpricesparamsfilter.go
internal/sdk/models/shared/billingpricegraduated.go
internal/sdk/models/operations/getbillingprofile.go
internal/sdk/models/shared/billingsubscriptioncancel.go
internal/sdk/models/shared/featurecostqueryresult.go
internal/sdk/models/operations/archiveplan.go
internal/sdk/models/operations/listbillingprofiles.go
internal/sdk/models/shared/createcustomerrequest.go
internal/sdk/models/shared/billingcustomerstripecreatecustomerportalsessionrequest.go
internal/planmodifiers/float32planmodifier/use_config_value.go
internal/planmodifiers/numberplanmodifier/use_config_value.go
internal/provider/provider.go
internal/planmodifiers/setplanmodifier/use_config_value.go
internal/planmodifiers/float64planmodifier/use_config_value.go
internal/planmodifiers/int32planmodifier/use_config_value.go
internal/planmodifiers/listplanmodifier/use_config_value.go
examples/provider/provider.tf
internal/planmodifiers/objectplanmodifier/use_config_value.go
.gitattributes
USAGE.md
internal/planmodifiers/boolplanmodifier/use_config_value.go
internal/planmodifiers/int64planmodifier/use_config_value.go
go.mod
internal/planmodifiers/boolplanmodifier/suppress_diff.go
internal/planmodifiers/boolplanmodifier/use_hoisted_value.go
internal/planmodifiers/float32planmodifier/suppress_diff.go
internal/planmodifiers/float32planmodifier/use_hoisted_value.go
internal/planmodifiers/float64planmodifier/suppress_diff.go
internal/planmodifiers/float64planmodifier/use_hoisted_value.go
internal/planmodifiers/int32planmodifier/suppress_diff.go
internal/planmodifiers/int32planmodifier/use_hoisted_value.go
internal/planmodifiers/int64planmodifier/suppress_diff.go
internal/planmodifiers/int64planmodifier/use_hoisted_value.go
internal/planmodifiers/listplanmodifier/suppress_diff.go
internal/planmodifiers/listplanmodifier/use_hoisted_value.go
internal/planmodifiers/mapplanmodifier/suppress_diff.go
internal/planmodifiers/mapplanmodifier/use_hoisted_value.go
internal/planmodifiers/numberplanmodifier/suppress_diff.go
internal/planmodifiers/numberplanmodifier/use_hoisted_value.go
internal/planmodifiers/objectplanmodifier/suppress_diff.go
internal/planmodifiers/objectplanmodifier/use_hoisted_value.go
internal/planmodifiers/setplanmodifier/suppress_diff.go
internal/planmodifiers/setplanmodifier/use_hoisted_value.go
internal/planmodifiers/mapplanmodifier/use_config_value.go
internal/planmodifiers/stringplanmodifier/use_config_value.go
internal/planmodifiers/stringplanmodifier/suppress_diff.go
internal/planmodifiers/stringplanmodifier/use_hoisted_value.go
internal/planmodifiers/utils/hoisted_value.go
internal/planmodifiers/utils/state_check.go
internal/provider/reflect/diags.go
internal/provider/reflect/doc.go
internal/provider/reflect/generic_attr_value.go
internal/provider/reflect/helpers.go
internal/provider/reflect/interfaces.go
internal/provider/reflect/into.go
internal/provider/reflect/map.go
internal/provider/reflect/number.go
internal/provider/reflect/options.go
internal/provider/reflect/outof.go
internal/provider/reflect/pointer.go
internal/provider/reflect/primitive.go
internal/provider/reflect/slice.go
internal/provider/reflect/struct.go
internal/provider/typeconvert/date.go
internal/provider/typeconvert/datetime.go
internal/provider/typeconvert/int.go
internal/provider/utils.go
internal/validators/DateValidator.go
internal/validators/ExactlyOneChild.go
internal/validators/JSONParseValidator.go
internal/validators/RFC3339Validator.go
internal/validators/boolvalidators/not_null.go
internal/validators/float32validators/not_null.go
internal/validators/float64validators/not_null.go
internal/validators/int32validators/not_null.go
internal/validators/int64validators/not_null.go
internal/validators/listvalidators/not_null.go
internal/validators/mapvalidators/not_null.go
internal/validators/numbervalidators/not_null.go
internal/validators/objectvalidators/not_null.go
internal/validators/setvalidators/not_null.go
internal/validators/stringvalidators/not_null.go
main.go
terraform-registry-manifest.json
tools/tools.go
internal/sdk/models/operations/options.go
internal/sdk/models/shared/billingsubscriptioncreate.go
internal/sdk/models/operations/createplanaddon.go
internal/sdk/models/shared/billingappstripecreatecustomerportalsessionresult.go
internal/sdk/models/shared/pagemeta.go
internal/sdk/models/operations/getapp.go
internal/sdk/models/shared/pagepaginationquery.go
internal/sdk/models/shared/pricepagepaginatedresponse.go
internal/sdk/models/operations/createbillingprofile.go
internal/sdk/models/operations/changesubscription.go
internal/sdk/models/shared/listmetersparamsfilter.go
internal/sdk/models/operations/getopenmeteraddon.go
internal/sdk/models/shared/upsertcustomerrequest.go
internal/sdk/models/shared/llmcostprice.go
internal/sdk/models/operations/updateplanaddon.go
internal/sdk/models/operations/updatecustomerbilling.go
internal/sdk/models/shared/billingcustomerstripecreatecustomerportalsessionrequest.go
internal/sdk/models/shared/ingestedeventpaginatedresponse.go
internal/sdk/models/operations/listcustomerentitlementaccess.go
internal/sdk/models/shared/billingpricefree.go
internal/sdk/.gitattributes
internal/sdk/models/operations/updatebillingprofile.go
internal/sdk/models/errors/sdkerror.go
internal/sdk/models/shared/createcustomerrequest.go
internal/sdk/optionalnullable/optionalnullable.go
internal/sdk/models/shared/meterpagepaginatedresponse.go
internal/sdk/models/shared/upsertappcustomerdatarequest.go
internal/sdk/models/shared/billingappsandbox.go
internal/sdk/models/shared/meter.go
internal/sdk/models/shared/notfounderror.go
internal/sdk/models/shared/billingpricetier.go
internal/sdk/optionalnullable/optionalnullable_test.go
internal/sdk/models/shared/subscriptionpagepaginatedresponse.go
internal/sdk/retry/config.go
internal/sdk/types/bigint.go
internal/sdk/types/date.go
internal/sdk/models/shared/llmcostoverridecreate.go
internal/sdk/types/datetime.go
internal/sdk/models/operations/getmeter.go
internal/sdk/types/pointers.go
internal/sdk/models/shared/listcustomersparamsfilter.go
internal/sdk/internal/utils/contenttype.go
internal/sdk/internal/utils/env.go
internal/sdk/internal/utils/form.go
internal/sdk/models/shared/listplansparamsfilter.go
internal/sdk/internal/utils/headers.go
internal/sdk/models/shared/queryfilterstringmapitem.go
internal/sdk/models/operations/createllmcostoverride.go
internal/sdk/internal/utils/json.go
internal/sdk/internal/utils/pathparams.go
internal/sdk/models/shared/billingapp.go
internal/sdk/internal/utils/queryparams.go
internal/sdk/models/shared/listllmcostpricesparamsfilter.go
internal/sdk/internal/utils/requestbody.go
internal/sdk/internal/utils/retries.go
internal/sdk/models/operations/publishplan.go
internal/sdk/internal/utils/security.go
internal/sdk/meteringevents.go
internal/sdk/internal/utils/union.go
internal/sdk/models/shared/upsertplanaddonrequest.go
internal/sdk/internal/utils/union_test.go
internal/sdk/internal/utils/utils.go
internal/sdk/models/shared/billingsubscriptioncancel.go
internal/sdk/models/shared/billingentitlementaccessresult.go
internal/sdk/models/operations/querymeter.go
internal/sdk/models/operations/getsubscription.go
internal/sdk/models/operations/listplans.go
internal/sdk/models/operations/getbillingprofile.go
internal/sdk/models/operations/listllmcostprices.go
internal/sdk/models/shared/createfeaturerequest.go
internal/sdk/models/operations/createsubscription.go
internal/sdk/models/operations/updatemeter.go
internal/sdk/konnect.go
internal/sdk/models/operations/listfeatures.go
internal/sdk/openmeterapps.go
internal/sdk/models/shared/meterqueryrow.go
internal/sdk/models/shared/cursorpaginationquerypage.go
internal/sdk/models/shared/paginatedmeta.go
internal/sdk/models/shared/apppagepaginatedresponse.go
internal/sdk/models/operations/updateopenmeteraddon.go
internal/sdk/models/shared/billingpricevolume.go
internal/sdk/models/operations/deleteopenmeteraddon.go
internal/sdk/models/shared/invalidparameterchoiceitem.go
internal/sdk/models/shared/billingpriceunit.go
internal/sdk/models/operations/cancelsubscription.go
internal/sdk/models/shared/goneerror.go
internal/sdk/models/operations/deletemeter.go
internal/sdk/models/shared/invalidparameters.go
internal/sdk/models/operations/deletecustomer.go
internal/sdk/models/shared/upsertplanrequest.go
internal/sdk/models/shared/billingappstripe.go
internal/sdk/models/shared/listfeatureparamsfilter.go
internal/sdk/meters.go
internal/sdk/models/shared/billingworkflowpaymentsendinvoicesettings.go
internal/sdk/models/operations/archiveplan.go
internal/sdk/openmetercustomers.go
internal/sdk/models/operations/listmeteringevents.go
internal/sdk/models/shared/createbillingprofilerequest.go
internal/sdk/models/shared/createmeterrequest.go
internal/sdk/models/shared/billingappcustomerdata.go
internal/sdk/models/shared/meteringingestedeventvalidationerror.go
internal/sdk/models/shared/meteringingestedevent.go
internal/sdk/models/operations/getplanaddon.go
internal/sdk/models/shared/conflicterror.go
internal/sdk/models/shared/invalidparametermaximumlength.go
internal/sdk/models/shared/addonpagepaginatedresponse.go
internal/sdk/models/shared/planaddon.go
internal/sdk/models/operations/updatecustomerbillingappdata.go
internal/sdk/models/operations/ingestmeteringevents.go
internal/sdk/models/shared/unauthorizederror.go
internal/sdk/models/shared/subscriptionaddonpagepaginatedresponse.go
internal/sdk/models/operations/listapps.go
internal/sdk/models/shared/badrequesterror.go
internal/sdk/models/shared/billingsubscriptionedittimingenum.go
internal/sdk/models/operations/createcustomer.go
internal/sdk/models/operations/deleteplan.go
internal/sdk/models/shared/cursormetapage.go
internal/sdk/models/shared/billingpricegraduated.go
internal/sdk/models/shared/billingfeaturemanualunitcost.go
internal/sdk/models/shared/billingappstripecreatecheckoutsessionresult.go
internal/sdk/models/shared/billingsubscription.go
internal/sdk/models/operations/getcustomerbilling.go
internal/sdk/models/shared/stringfieldfilter.go
internal/sdk/models/operations/deletellmcostoverride.go
internal/sdk/models/operations/getplan.go
internal/sdk/models/shared/subscriptionaddon.go
internal/sdk/models/shared/productcatalogvalidationerror.go
internal/sdk/models/shared/planpagepaginatedresponse.go
internal/sdk/models/shared/billingworkflowpaymentchargeautomaticallysettings.go
internal/sdk/models/shared/meterqueryrequest.go
internal/sdk/models/operations/updateplan.go
internal/sdk/models/operations/deletefeature.go
internal/sdk/models/shared/billingcustomerdata.go
internal/sdk/models/operations/createcustomerstripecheckoutsession.go
internal/sdk/models/operations/listmeters.go
internal/sdk/models/shared/ulidfieldfilter.go
internal/sdk/models/shared/billingratecard.go
internal/sdk/models/operations/getcustomer.go
internal/sdk/models/shared/forbiddenerror.go
internal/sdk/models/operations/archiveopenmeteraddon.go
internal/sdk/models/shared/featurecostqueryresult.go
internal/sdk/models/shared/listcustomerentitlementaccessresponsedata.go
internal/sdk/models/operations/createmeter.go
internal/sdk/models/operations/upsertcustomer.go
internal/sdk/models/operations/listllmcostoverrides.go
internal/sdk/models/shared/invalidparameterstandard.go
internal/sdk/internal/config/sdkconfiguration.go
internal/sdk/models/shared/billingprofile.go
internal/sdk/models/shared/meteringevent.go
internal/sdk/models/shared/upsertaddonrequest.go
internal/sdk/models/operations/listplanaddons.go
internal/sdk/models/operations/getsubscriptionaddon.go
internal/sdk/models/operations/listcustomers.go
internal/sdk/models/shared/meterqueryresult.go
internal/sdk/models/shared/createplanaddonrequest.go
internal/sdk/models/shared/createplanrequest.go
internal/sdk/openmeterproductcatalog.go
internal/sdk/models/shared/billingcustomer.go
internal/sdk/models/shared/upsertbillingprofilerequest.go
internal/sdk/models/operations/updatefeature.go
internal/sdk/models/shared/invalidparameterdependentitem.go
internal/sdk/models/shared/planaddonpagepaginatedresponse.go
internal/sdk/models/operations/getllmcostprice.go
internal/sdk/models/operations/listsubscriptions.go
internal/sdk/models/operations/createcustomerstripeportalsession.go
internal/sdk/models/shared/updatefeaturerequest.go
internal/sdk/models/shared/billingplanphase.go
internal/sdk/models/operations/createopenmeteraddon.go
internal/sdk/models/operations/deleteplanaddon.go
internal/sdk/models/shared/billingfeaturellmunitcost.go
internal/sdk/models/operations/deletebillingprofile.go
internal/sdk/models/shared/customerpagepaginatedresponse.go
internal/sdk/models/shared/billingsubscriptionchange.go
internal/sdk/models/shared/billingpriceflat.go
internal/sdk/models/shared/updatemeterrequest.go
internal/sdk/models/shared/billingtaxbehavior.go
internal/sdk/openmeterbilling.go
internal/sdk/models/shared/listsubscriptionsparamsfilter.go
internal/sdk/models/operations/createfeature.go
internal/sdk/models/shared/queryfilterstring.go
internal/sdk/models/shared/stringfieldfilterexact.go
internal/sdk/models/operations/unschedulecancelation.go
internal/sdk/models/shared/billingsubscriptionchangeresponse.go
internal/sdk/models/shared/featurecostqueryrow.go
internal/sdk/models/shared/security.go
internal/sdk/models/shared/taxcodereferenceitem.go
internal/sdk/models/operations/createplan.go
internal/sdk/models/operations/queryfeaturecost.go
internal/sdk/models/operations/publishaddon.go
internal/sdk/models/shared/invalidrules.go
internal/sdk/openmeterentitlements.go
internal/sdk/openmeterllmcost.go
internal/sdk/models/operations/listsubscriptionaddons.go
internal/sdk/models/shared/featurepagepaginatedresponse.go
internal/sdk/openmeterfeatures.go
internal/sdk/models/operations/listopenmeteraddons.go
internal/sdk/internal/hooks/hooks.go
internal/sdk/models/shared/upsertcustomerbillingdatarequest.go
internal/sdk/models/shared/cursormeta.go
internal/sdk/models/shared/addon.go
internal/sdk/models/shared/billingprofilepagepaginatedresponse.go
internal/sdk/models/shared/listaddonsparamsfilter.go
internal/sdk/models/operations/listbillingprofiles.go
internal/sdk/models/shared/invalidparameterminimumlength.go
internal/sdk/models/shared/billingplan.go
internal/sdk/openmetersubscriptions.go
internal/sdk/models/shared/createaddonrequest.go
internal/sdk/models/shared/billingappexternalinvoicing.go
internal/sdk/models/shared/listeventsparamsfilter.go
internal/sdk/models/operations/getfeature.go
internal/sdk/models/shared/billingcustomerstripecreatecheckoutsessionrequest.go
internal/sdk/models/shared/feature.go
