speakeasyVersion: 1.430.0
sources:
    kong:
        sourceNamespace: kong
        sourceRevisionDigest: sha256:dd74a5f4497a5ee8a4ba5a20d67bd501290a1d57fcedb094c67635950aa31fe6
        sourceBlobDigest: sha256:28329087c133a5f9d1f3fd9b4f265e0c9a51dc9c11d990e1305e43e21c2b7253
        tags:
            - latest
targets:
    terraform:
        source: kong
        sourceNamespace: kong
        sourceRevisionDigest: sha256:dd74a5f4497a5ee8a4ba5a20d67bd501290a1d57fcedb094c67635950aa31fe6
        sourceBlobDigest: sha256:28329087c133a5f9d1f3fd9b4f265e0c9a51dc9c11d990e1305e43e21c2b7253
workflow:
    workflowVersion: 1.0.0
    speakeasyVersion: 1.430.0
    sources:
        kong:
            inputs:
                - location: openapi.yaml
            registry:
                location: registry.speakeasyapi.dev/kong/kong/kong
    targets:
        terraform:
            target: terraform
            source: kong
