speakeasyVersion: 1.486.0
sources:
    kong:
        sourceNamespace: kong
        sourceRevisionDigest: sha256:f81921b2bc585be93b2ed405eabb6dd05132692821b941f8e6a0231de09bf63c
        sourceBlobDigest: sha256:afb62c4fc9b4f23c7ebdd128ee49702088ebe83203598e3dd36d87e74b2aa78d
        tags:
            - latest
            - 2.0.0
targets:
    terraform:
        source: kong
        sourceNamespace: kong
        sourceRevisionDigest: sha256:f81921b2bc585be93b2ed405eabb6dd05132692821b941f8e6a0231de09bf63c
        sourceBlobDigest: sha256:afb62c4fc9b4f23c7ebdd128ee49702088ebe83203598e3dd36d87e74b2aa78d
workflow:
    workflowVersion: 1.0.0
    speakeasyVersion: 1.486.0
    sources:
        kong:
            inputs:
                - location: openapi.yaml
            registry:
                location: registry.speakeasyapi.dev/kong/kong/kong
    targets:
        terraform:
            target: terraform
            source: kong
